// !$*UTF8*$!
{
	archiveVersion = 1;
	classes = {
	};
	objectVersion = 56;
	objects = {

/* Begin PBXBuildFile section */
		99D4541B2AD2E225007E3E5C /* PresentMeApp.swift in Sources */ = {isa = PBXBuildFile; fileRef = 99D4541A2AD2E225007E3E5C /* PresentMeApp.swift */; };
		99D4541D2AD2E225007E3E5C /* ContentView.swift in Sources */ = {isa = PBXBuildFile; fileRef = 99D4541C2AD2E225007E3E5C /* ContentView.swift */; };
		99D4541F2AD2E225007E3E5C /* Assets.xcassets in Resources */ = {isa = PBXBuildFile; fileRef = 99D4541E2AD2E225007E3E5C /* Assets.xcassets */; };
		99D454222AD2E225007E3E5C /* Preview Assets.xcassets in Resources */ = {isa = PBXBuildFile; fileRef = 99D454212AD2E225007E3E5C /* Preview Assets.xcassets */; };
		99D4542C2AD2E225007E3E5C /* PresentMeTests.swift in Sources */ = {isa = PBXBuildFile; fileRef = 99D4542B2AD2E225007E3E5C /* PresentMeTests.swift */; };
		99D454362AD2E225007E3E5C /* PresentMeUITests.swift in Sources */ = {isa = PBXBuildFile; fileRef = 99D454352AD2E225007E3E5C /* PresentMeUITests.swift */; };
		99D454382AD2E225007E3E5C /* PresentMeUITestsLaunchTests.swift in Sources */ = {isa = PBXBuildFile; fileRef = 99D454372AD2E225007E3E5C /* PresentMeUITestsLaunchTests.swift */; };
		A5664A962AD2F803008E1E2B /* PresentMe-Haifa.swift in Sources */ = {isa = PBXBuildFile; fileRef = A5664A952AD2F803008E1E2B /* PresentMe-Haifa.swift */; };
/* End PBXBuildFile section */

/* Begin PBXContainerItemProxy section */
		99D454282AD2E225007E3E5C /* PBXContainerItemProxy */ = {
			isa = PBXContainerItemProxy;
			containerPortal = 99D4540F2AD2E225007E3E5C /* Project object */;
			proxyType = 1;
			remoteGlobalIDString = 99D454162AD2E225007E3E5C;
			remoteInfo = PresentMe;
		};
		99D454322AD2E225007E3E5C /* PBXContainerItemProxy */ = {
			isa = PBXContainerItemProxy;
			containerPortal = 99D4540F2AD2E225007E3E5C /* Project object */;
			proxyType = 1;
			remoteGlobalIDString = 99D454162AD2E225007E3E5C;
			remoteInfo = PresentMe;
		};
/* End PBXContainerItemProxy section */

/* Begin PBXFileReference section */
		99D454172AD2E225007E3E5C /* PresentMe.app */ = {isa = PBXFileReference; explicitFileType = wrapper.application; includeInIndex = 0; path = PresentMe.app; sourceTree = BUILT_PRODUCTS_DIR; };
		99D4541A2AD2E225007E3E5C /* PresentMeApp.swift */ = {isa = PBXFileReference; lastKnownFileType = sourcecode.swift; path = PresentMeApp.swift; sourceTree = "<group>"; };
		99D4541C2AD2E225007E3E5C /* ContentView.swift */ = {isa = PBXFileReference; lastKnownFileType = sourcecode.swift; path = ContentView.swift; sourceTree = "<group>"; };
		99D4541E2AD2E225007E3E5C /* Assets.xcassets */ = {isa = PBXFileReference; lastKnownFileType = folder.assetcatalog; path = Assets.xcassets; sourceTree = "<group>"; };
		99D454212AD2E225007E3E5C /* Preview Assets.xcassets */ = {isa = PBXFileReference; lastKnownFileType = folder.assetcatalog; path = "Preview Assets.xcassets"; sourceTree = "<group>"; };
		99D454272AD2E225007E3E5C /* PresentMeTests.xctest */ = {isa = PBXFileReference; explicitFileType = wrapper.cfbundle; includeInIndex = 0; path = PresentMeTests.xctest; sourceTree = BUILT_PRODUCTS_DIR; };
		99D4542B2AD2E225007E3E5C /* PresentMeTests.swift */ = {isa = PBXFileReference; lastKnownFileType = sourcecode.swift; path = PresentMeTests.swift; sourceTree = "<group>"; };
		99D454312AD2E225007E3E5C /* PresentMeUITests.xctest */ = {isa = PBXFileReference; explicitFileType = wrapper.cfbundle; includeInIndex = 0; path = PresentMeUITests.xctest; sourceTree = BUILT_PRODUCTS_DIR; };
		99D454352AD2E225007E3E5C /* PresentMeUITests.swift */ = {isa = PBXFileReference; lastKnownFileType = sourcecode.swift; path = PresentMeUITests.swift; sourceTree = "<group>"; };
		99D454372AD2E225007E3E5C /* PresentMeUITestsLaunchTests.swift */ = {isa = PBXFileReference; lastKnownFileType = sourcecode.swift; path = PresentMeUITestsLaunchTests.swift; sourceTree = "<group>"; };
		A5664A952AD2F803008E1E2B /* PresentMe-Haifa.swift */ = {isa = PBXFileReference; lastKnownFileType = sourcecode.swift; path = "PresentMe-Haifa.swift"; sourceTree = SOURCE_ROOT; };
/* End PBXFileReference section */

/* Begin PBXFrameworksBuildPhase section */
		99D454142AD2E225007E3E5C /* Frameworks */ = {
			isa = PBXFrameworksBuildPhase;
			buildActionMask = 2147483647;
			files = (
			);
			runOnlyForDeploymentPostprocessing = 0;
		};
		99D454242AD2E225007E3E5C /* Frameworks */ = {
			isa = PBXFrameworksBuildPhase;
			buildActionMask = 2147483647;
			files = (
			);
			runOnlyForDeploymentPostprocessing = 0;
		};
		99D4542E2AD2E225007E3E5C /* Frameworks */ = {
			isa = PBXFrameworksBuildPhase;
			buildActionMask = 2147483647;
			files = (
			);
			runOnlyForDeploymentPostprocessing = 0;
		};
/* End PBXFrameworksBuildPhase section */

/* Begin PBXGroup section */
		99D4540E2AD2E225007E3E5C = {
			isa = PBXGroup;
			children = (
				99D454192AD2E225007E3E5C /* PresentMe */,
				99D4542A2AD2E225007E3E5C /* PresentMeTests */,
				99D454342AD2E225007E3E5C /* PresentMeUITests */,
				99D454182AD2E225007E3E5C /* Products */,
			);
			sourceTree = "<group>";
		};
		99D454182AD2E225007E3E5C /* Products */ = {
			isa = PBXGroup;
			children = (
				99D454172AD2E225007E3E5C /* PresentMe.app */,
				99D454272AD2E225007E3E5C /* PresentMeTests.xctest */,
				99D454312AD2E225007E3E5C /* PresentMeUITests.xctest */,
			);
			name = Products;
			sourceTree = "<group>";
		};
		99D454192AD2E225007E3E5C /* PresentMe */ = {
			isa = PBXGroup;
			children = (
				99D4541A2AD2E225007E3E5C /* PresentMeApp.swift */,
				A5664A952AD2F803008E1E2B /* PresentMe-Haifa.swift */,
				99D4541C2AD2E225007E3E5C /* ContentView.swift */,
				99D4541E2AD2E225007E3E5C /* Assets.xcassets */,
				99D454202AD2E225007E3E5C /* Preview Content */,
			);
			path = PresentMe;
			sourceTree = "<group>";
		};
		99D454202AD2E225007E3E5C /* Preview Content */ = {
			isa = PBXGroup;
			children = (
				99D454212AD2E225007E3E5C /* Preview Assets.xcassets */,
			);
			path = "Preview Content";
			sourceTree = "<group>";
		};
		99D4542A2AD2E225007E3E5C /* PresentMeTests */ = {
			isa = PBXGroup;
			children = (
				99D4542B2AD2E225007E3E5C /* PresentMeTests.swift */,
			);
			path = PresentMeTests;
			sourceTree = "<group>";
		};
		99D454342AD2E225007E3E5C /* PresentMeUITests */ = {
			isa = PBXGroup;
			children = (
				99D454352AD2E225007E3E5C /* PresentMeUITests.swift */,
				99D454372AD2E225007E3E5C /* PresentMeUITestsLaunchTests.swift */,
			);
			path = PresentMeUITests;
			sourceTree = "<group>";
		};
/* End PBXGroup section */

/* Begin PBXNativeTarget section */
		99D454162AD2E225007E3E5C /* PresentMe */ = {
			isa = PBXNativeTarget;
			buildConfigurationList = 99D4543B2AD2E225007E3E5C /* Build configuration list for PBXNativeTarget "PresentMe" */;
			buildPhases = (
				99D454132AD2E225007E3E5C /* Sources */,
				99D454142AD2E225007E3E5C /* Frameworks */,
				99D454152AD2E225007E3E5C /* Resources */,
			);
			buildRules = (
			);
			dependencies = (
			);
			name = PresentMe;
			productName = PresentMe;
			productReference = 99D454172AD2E225007E3E5C /* PresentMe.app */;
			productType = "com.apple.product-type.application";
		};
		99D454262AD2E225007E3E5C /* PresentMeTests */ = {
			isa = PBXNativeTarget;
			buildConfigurationList = 99D4543E2AD2E225007E3E5C /* Build configuration list for PBXNativeTarget "PresentMeTests" */;
			buildPhases = (
				99D454232AD2E225007E3E5C /* Sources */,
				99D454242AD2E225007E3E5C /* Frameworks */,
				99D454252AD2E225007E3E5C /* Resources */,
			);
			buildRules = (
			);
			dependencies = (
				99D454292AD2E225007E3E5C /* PBXTargetDependency */,
			);
			name = PresentMeTests;
			productName = PresentMeTests;
			productReference = 99D454272AD2E225007E3E5C /* PresentMeTests.xctest */;
			productType = "com.apple.product-type.bundle.unit-test";
		};
		99D454302AD2E225007E3E5C /* PresentMeUITests */ = {
			isa = PBXNativeTarget;
			buildConfigurationList = 99D454412AD2E225007E3E5C /* Build configuration list for PBXNativeTarget "PresentMeUITests" */;
			buildPhases = (
				99D4542D2AD2E225007E3E5C /* Sources */,
				99D4542E2AD2E225007E3E5C /* Frameworks */,
				99D4542F2AD2E225007E3E5C /* Resources */,
			);
			buildRules = (
			);
			dependencies = (
				99D454332AD2E225007E3E5C /* PBXTargetDependency */,
			);
			name = PresentMeUITests;
			productName = PresentMeUITests;
			productReference = 99D454312AD2E225007E3E5C /* PresentMeUITests.xctest */;
			productType = "com.apple.product-type.bundle.ui-testing";
		};
/* End PBXNativeTarget section */

/* Begin PBXProject section */
		99D4540F2AD2E225007E3E5C /* Project object */ = {
			isa = PBXProject;
			attributes = {
				BuildIndependentTargetsInParallel = 1;
				LastSwiftUpdateCheck = 1500;
				LastUpgradeCheck = 1500;
				TargetAttributes = {
					99D454162AD2E225007E3E5C = {
						CreatedOnToolsVersion = 15.0;
					};
					99D454262AD2E225007E3E5C = {
						CreatedOnToolsVersion = 15.0;
						TestTargetID = 99D454162AD2E225007E3E5C;
					};
					99D454302AD2E225007E3E5C = {
						CreatedOnToolsVersion = 15.0;
						TestTargetID = 99D454162AD2E225007E3E5C;
					};
				};
			};
			buildConfigurationList = 99D454122AD2E225007E3E5C /* Build configuration list for PBXProject "PresentMe" */;
			compatibilityVersion = "Xcode 14.0";
			developmentRegion = en;
			hasScannedForEncodings = 0;
			knownRegions = (
				en,
				Base,
			);
			mainGroup = 99D4540E2AD2E225007E3E5C;
			productRefGroup = 99D454182AD2E225007E3E5C /* Products */;
			projectDirPath = "";
			projectRoot = "";
			targets = (
				99D454162AD2E225007E3E5C /* PresentMe */,
				99D454262AD2E225007E3E5C /* PresentMeTests */,
				99D454302AD2E225007E3E5C /* PresentMeUITests */,
			);
		};
/* End PBXProject section */

/* Begin PBXResourcesBuildPhase section */
		99D454152AD2E225007E3E5C /* Resources */ = {
			isa = PBXResourcesBuildPhase;
			buildActionMask = 2147483647;
			files = (
				99D454222AD2E225007E3E5C /* Preview Assets.xcassets in Resources */,
				99D4541F2AD2E225007E3E5C /* Assets.xcassets in Resources */,
			);
			runOnlyForDeploymentPostprocessing = 0;
		};
		99D454252AD2E225007E3E5C /* Resources */ = {
			isa = PBXResourcesBuildPhase;
			buildActionMask = 2147483647;
			files = (
			);
			runOnlyForDeploymentPostprocessing = 0;
		};
		99D4542F2AD2E225007E3E5C /* Resources */ = {
			isa = PBXResourcesBuildPhase;
			buildActionMask = 2147483647;
			files = (
			);
			runOnlyForDeploymentPostprocessing = 0;
		};
/* End PBXResourcesBuildPhase section */

/* Begin PBXSourcesBuildPhase section */
		99D454132AD2E225007E3E5C /* Sources */ = {
			isa = PBXSourcesBuildPhase;
			buildActionMask = 2147483647;
			files = (
				99D4541D2AD2E225007E3E5C /* ContentView.swift in Sources */,
				99D4541B2AD2E225007E3E5C /* PresentMeApp.swift in Sources */,
				A5664A962AD2F803008E1E2B /* PresentMe-Haifa.swift in Sources */,
			);
			runOnlyForDeploymentPostprocessing = 0;
		};
		99D454232AD2E225007E3E5C /* Sources */ = {
			isa = PBXSourcesBuildPhase;
			buildActionMask = 2147483647;
			files = (
				99D4542C2AD2E225007E3E5C /* PresentMeTests.swift in Sources */,
			);
			runOnlyForDeploymentPostprocessing = 0;
		};
		99D4542D2AD2E225007E3E5C /* Sources */ = {
			isa = PBXSourcesBuildPhase;
			buildActionMask = 2147483647;
			files = (
				99D454382AD2E225007E3E5C /* PresentMeUITestsLaunchTests.swift in Sources */,
				99D454362AD2E225007E3E5C /* PresentMeUITests.swift in Sources */,
			);
			runOnlyForDeploymentPostprocessing = 0;
		};
/* End PBXSourcesBuildPhase section */

/* Begin PBXTargetDependency section */
		99D454292AD2E225007E3E5C /* PBXTargetDependency */ = {
			isa = PBXTargetDependency;
			target = 99D454162AD2E225007E3E5C /* PresentMe */;
			targetProxy = 99D454282AD2E225007E3E5C /* PBXContainerItemProxy */;
		};
		99D454332AD2E225007E3E5C /* PBXTargetDependency */ = {
			isa = PBXTargetDependency;
			target = 99D454162AD2E225007E3E5C /* PresentMe */;
			targetProxy = 99D454322AD2E225007E3E5C /* PBXContainerItemProxy */;
		};
/* End PBXTargetDependency section */

/* Begin XCBuildConfiguration section */
		99D454392AD2E225007E3E5C /* Debug */ = {
			isa = XCBuildConfiguration;
			buildSettings = {
				ALWAYS_SEARCH_USER_PATHS = NO;
				ASSETCATALOG_COMPILER_GENERATE_SWIFT_ASSET_SYMBOL_EXTENSIONS = YES;
				CLANG_ANALYZER_NONNULL = YES;
				CLANG_ANALYZER_NUMBER_OBJECT_CONVERSION = YES_AGGRESSIVE;
				CLANG_CXX_LANGUAGE_STANDARD = "gnu++20";
				CLANG_ENABLE_MODULES = YES;
				CLANG_ENABLE_OBJC_ARC = YES;
				CLANG_ENABLE_OBJC_WEAK = YES;
				CLANG_WARN_BLOCK_CAPTURE_AUTORELEASING = YES;
				CLANG_WARN_BOOL_CONVERSION = YES;
				CLANG_WARN_COMMA = YES;
				CLANG_WARN_CONSTANT_CONVERSION = YES;
				CLANG_WARN_DEPRECATED_OBJC_IMPLEMENTATIONS = YES;
				CLANG_WARN_DIRECT_OBJC_ISA_USAGE = YES_ERROR;
				CLANG_WARN_DOCUMENTATION_COMMENTS = YES;
				CLANG_WARN_EMPTY_BODY = YES;
				CLANG_WARN_ENUM_CONVERSION = YES;
				CLANG_WARN_INFINITE_RECURSION = YES;
				CLANG_WARN_INT_CONVERSION = YES;
				CLANG_WARN_NON_LITERAL_NULL_CONVERSION = YES;
				CLANG_WARN_OBJC_IMPLICIT_RETAIN_SELF = YES;
				CLANG_WARN_OBJC_LITERAL_CONVERSION = YES;
				CLANG_WARN_OBJC_ROOT_CLASS = YES_ERROR;
				CLANG_WARN_QUOTED_INCLUDE_IN_FRAMEWORK_HEADER = YES;
				CLANG_WARN_RANGE_LOOP_ANALYSIS = YES;
				CLANG_WARN_STRICT_PROTOTYPES = YES;
				CLANG_WARN_SUSPICIOUS_MOVE = YES;
				CLANG_WARN_UNGUARDED_AVAILABILITY = YES_AGGRESSIVE;
				CLANG_WARN_UNREACHABLE_CODE = YES;
				CLANG_WARN__DUPLICATE_METHOD_MATCH = YES;
				COPY_PHASE_STRIP = NO;
				DEBUG_INFORMATION_FORMAT = dwarf;
				ENABLE_STRICT_OBJC_MSGSEND = YES;
				ENABLE_TESTABILITY = YES;
				ENABLE_USER_SCRIPT_SANDBOXING = YES;
				GCC_C_LANGUAGE_STANDARD = gnu17;
				GCC_DYNAMIC_NO_PIC = NO;
				GCC_NO_COMMON_BLOCKS = YES;
				GCC_OPTIMIZATION_LEVEL = 0;
				GCC_PREPROCESSOR_DEFINITIONS = (
					"DEBUG=1",
					"$(inherited)",
				);
				GCC_WARN_64_TO_32_BIT_CONVERSION = YES;
				GCC_WARN_ABOUT_RETURN_TYPE = YES_ERROR;
				GCC_WARN_UNDECLARED_SELECTOR = YES;
				GCC_WARN_UNINITIALIZED_AUTOS = YES_AGGRESSIVE;
				GCC_WARN_UNUSED_FUNCTION = YES;
				GCC_WARN_UNUSED_VARIABLE = YES;
				IPHONEOS_DEPLOYMENT_TARGET = 17.0;
				LOCALIZATION_PREFERS_STRING_CATALOGS = YES;
				MTL_ENABLE_DEBUG_INFO = INCLUDE_SOURCE;
				MTL_FAST_MATH = YES;
				ONLY_ACTIVE_ARCH = YES;
				SDKROOT = iphoneos;
				SWIFT_ACTIVE_COMPILATION_CONDITIONS = "DEBUG $(inherited)";
				SWIFT_OPTIMIZATION_LEVEL = "-Onone";
			};
			name = Debug;
		};
		99D4543A2AD2E225007E3E5C /* Release */ = {
			isa = XCBuildConfiguration;
			buildSettings = {
				ALWAYS_SEARCH_USER_PATHS = NO;
				ASSETCATALOG_COMPILER_GENERATE_SWIFT_ASSET_SYMBOL_EXTENSIONS = YES;
				CLANG_ANALYZER_NONNULL = YES;
				CLANG_ANALYZER_NUMBER_OBJECT_CONVERSION = YES_AGGRESSIVE;
				CLANG_CXX_LANGUAGE_STANDARD = "gnu++20";
				CLANG_ENABLE_MODULES = YES;
				CLANG_ENABLE_OBJC_ARC = YES;
				CLANG_ENABLE_OBJC_WEAK = YES;
				CLANG_WARN_BLOCK_CAPTURE_AUTORELEASING = YES;
				CLANG_WARN_BOOL_CONVERSION = YES;
				CLANG_WARN_COMMA = YES;
				CLANG_WARN_CONSTANT_CONVERSION = YES;
				CLANG_WARN_DEPRECATED_OBJC_IMPLEMENTATIONS = YES;
				CLANG_WARN_DIRECT_OBJC_ISA_USAGE = YES_ERROR;
				CLANG_WARN_DOCUMENTATION_COMMENTS = YES;
				CLANG_WARN_EMPTY_BODY = YES;
				CLANG_WARN_ENUM_CONVERSION = YES;
				CLANG_WARN_INFINITE_RECURSION = YES;
				CLANG_WARN_INT_CONVERSION = YES;
				CLANG_WARN_NON_LITERAL_NULL_CONVERSION = YES;
				CLANG_WARN_OBJC_IMPLICIT_RETAIN_SELF = YES;
				CLANG_WARN_OBJC_LITERAL_CONVERSION = YES;
				CLANG_WARN_OBJC_ROOT_CLASS = YES_ERROR;
				CLANG_WARN_QUOTED_INCLUDE_IN_FRAMEWORK_HEADER = YES;
				CLANG_WARN_RANGE_LOOP_ANALYSIS = YES;
				CLANG_WARN_STRICT_PROTOTYPES = YES;
				CLANG_WARN_SUSPICIOUS_MOVE = YES;
				CLANG_WARN_UNGUARDED_AVAILABILITY = YES_AGGRESSIVE;
				CLANG_WARN_UNREACHABLE_CODE = YES;
				CLANG_WARN__DUPLICATE_METHOD_MATCH = YES;
				COPY_PHASE_STRIP = NO;
				DEBUG_INFORMATION_FORMAT = "dwarf-with-dsym";
				ENABLE_NS_ASSERTIONS = NO;
				ENABLE_STRICT_OBJC_MSGSEND = YES;
				ENABLE_USER_SCRIPT_SANDBOXING = YES;
				GCC_C_LANGUAGE_STANDARD = gnu17;
				GCC_NO_COMMON_BLOCKS = YES;
				GCC_WARN_64_TO_32_BIT_CONVERSION = YES;
				GCC_WARN_ABOUT_RETURN_TYPE = YES_ERROR;
				GCC_WARN_UNDECLARED_SELECTOR = YES;
				GCC_WARN_UNINITIALIZED_AUTOS = YES_AGGRESSIVE;
				GCC_WARN_UNUSED_FUNCTION = YES;
				GCC_WARN_UNUSED_VARIABLE = YES;
				IPHONEOS_DEPLOYMENT_TARGET = 17.0;
				LOCALIZATION_PREFERS_STRING_CATALOGS = YES;
				MTL_ENABLE_DEBUG_INFO = NO;
				MTL_FAST_MATH = YES;
				SDKROOT = iphoneos;
				SWIFT_COMPILATION_MODE = wholemodule;
				VALIDATE_PRODUCT = YES;
			};
			name = Release;
		};
		99D4543C2AD2E225007E3E5C /* Debug */ = {
			isa = XCBuildConfiguration;
			buildSettings = {
				ASSETCATALOG_COMPILER_APPICON_NAME = AppIcon;
				ASSETCATALOG_COMPILER_GLOBAL_ACCENT_COLOR_NAME = AccentColor;
				CODE_SIGN_STYLE = Automatic;
				CURRENT_PROJECT_VERSION = 1;
				DEVELOPMENT_ASSET_PATHS = "\"PresentMe/Preview Content\"";
				ENABLE_PREVIEWS = YES;
				GENERATE_INFOPLIST_FILE = YES;
				INFOPLIST_KEY_UIApplicationSceneManifest_Generation = YES;
				INFOPLIST_KEY_UIApplicationSupportsIndirectInputEvents = YES;
				INFOPLIST_KEY_UILaunchScreen_Generation = YES;
				INFOPLIST_KEY_UISupportedInterfaceOrientations_iPad = "UIInterfaceOrientationPortrait UIInterfaceOrientationPortraitUpsideDown UIInterfaceOrientationLandscapeLeft UIInterfaceOrientationLandscapeRight";
				INFOPLIST_KEY_UISupportedInterfaceOrientations_iPhone = "UIInterfaceOrientationPortrait UIInterfaceOrientationLandscapeLeft UIInterfaceOrientationLandscapeRight";
				LD_RUNPATH_SEARCH_PATHS = (
					"$(inherited)",
					"@executable_path/Frameworks",
				);
				MARKETING_VERSION = 1.0;
				PRODUCT_BUNDLE_IDENTIFIER = twq.PresentMe;
				PRODUCT_NAME = "$(TARGET_NAME)";
				SWIFT_EMIT_LOC_STRINGS = YES;
				SWIFT_VERSION = 5.0;
				TARGETED_DEVICE_FAMILY = "1,2";
			};
			name = Debug;
		};
		99D4543D2AD2E225007E3E5C /* Release */ = {
			isa = XCBuildConfiguration;
			buildSettings = {
				ASSETCATALOG_COMPILER_APPICON_NAME = AppIcon;
				ASSETCATALOG_COMPILER_GLOBAL_ACCENT_COLOR_NAME = AccentColor;
				CODE_SIGN_STYLE = Automatic;
				CURRENT_PROJECT_VERSION = 1;
				DEVELOPMENT_ASSET_PATHS = "\"PresentMe/Preview Content\"";
				ENABLE_PREVIEWS = YES;
				GENERATE_INFOPLIST_FILE = YES;
				INFOPLIST_KEY_UIApplicationSceneManifest_Generation = YES;
				INFOPLIST_KEY_UIApplicationSupportsIndirectInputEvents = YES;
				INFOPLIST_KEY_UILaunchScreen_Generation = YES;
				INFOPLIST_KEY_UISupportedInterfaceOrientations_iPad = "UIInterfaceOrientationPortrait UIInterfaceOrientationPortraitUpsideDown UIInterfaceOrientationLandscapeLeft UIInterfaceOrientationLandscapeRight";
				INFOPLIST_KEY_UISupportedInterfaceOrientations_iPhone = "UIInterfaceOrientationPortrait UIInterfaceOrientationLandscapeLeft UIInterfaceOrientationLandscapeRight";
				LD_RUNPATH_SEARCH_PATHS = (
					"$(inherited)",
					"@executable_path/Frameworks",
				);
				MARKETING_VERSION = 1.0;
				PRODUCT_BUNDLE_IDENTIFIER = twq.PresentMe;
				PRODUCT_NAME = "$(TARGET_NAME)";
				SWIFT_EMIT_LOC_STRINGS = YES;
				SWIFT_VERSION = 5.0;
				TARGETED_DEVICE_FAMILY = "1,2";
			};
			name = Release;
		};
		99D4543F2AD2E225007E3E5C /* Debug */ = {
			isa = XCBuildConfiguration;
			buildSettings = {
				ALWAYS_EMBED_SWIFT_STANDARD_LIBRARIES = YES;
				BUNDLE_LOADER = "$(TEST_HOST)";
				CODE_SIGN_STYLE = Automatic;
				CURRENT_PROJECT_VERSION = 1;
				GENERATE_INFOPLIST_FILE = YES;
				IPHONEOS_DEPLOYMENT_TARGET = 17.0;
				MARKETING_VERSION = 1.0;
				PRODUCT_BUNDLE_IDENTIFIER = twq.PresentMeTests;
				PRODUCT_NAME = "$(TARGET_NAME)";
				SWIFT_EMIT_LOC_STRINGS = NO;
				SWIFT_VERSION = 5.0;
				TARGETED_DEVICE_FAMILY = "1,2";
				TEST_HOST = "$(BUILT_PRODUCTS_DIR)/PresentMe.app/$(BUNDLE_EXECUTABLE_FOLDER_PATH)/PresentMe";
			};
			name = Debug;
		};
		99D454402AD2E225007E3E5C /* Release */ = {
			isa = XCBuildConfiguration;
			buildSettings = {
				ALWAYS_EMBED_SWIFT_STANDARD_LIBRARIES = YES;
				BUNDLE_LOADER = "$(TEST_HOST)";
				CODE_SIGN_STYLE = Automatic;
				CURRENT_PROJECT_VERSION = 1;
				GENERATE_INFOPLIST_FILE = YES;
				IPHONEOS_DEPLOYMENT_TARGET = 17.0;
				MARKETING_VERSION = 1.0;
				PRODUCT_BUNDLE_IDENTIFIER = twq.PresentMeTests;
				PRODUCT_NAME = "$(TARGET_NAME)";
				SWIFT_EMIT_LOC_STRINGS = NO;
				SWIFT_VERSION = 5.0;
				TARGETED_DEVICE_FAMILY = "1,2";
				TEST_HOST = "$(BUILT_PRODUCTS_DIR)/PresentMe.app/$(BUNDLE_EXECUTABLE_FOLDER_PATH)/PresentMe";
			};
			name = Release;
		};
		99D454422AD2E225007E3E5C /* Debug */ = {
			isa = XCBuildConfiguration;
			buildSettings = {
				ALWAYS_EMBED_SWIFT_STANDARD_LIBRARIES = YES;
				CODE_SIGN_STYLE = Automatic;
				CURRENT_PROJECT_VERSION = 1;
				GENERATE_INFOPLIST_FILE = YES;
				MARKETING_VERSION = 1.0;
				PRODUCT_BUNDLE_IDENTIFIER = twq.PresentMeUITests;
				PRODUCT_NAME = "$(TARGET_NAME)";
				SWIFT_EMIT_LOC_STRINGS = NO;
				SWIFT_VERSION = 5.0;
				TARGETED_DEVICE_FAMILY = "1,2";
				TEST_TARGET_NAME = PresentMe;
			};
			name = Debug;
		};
		99D454432AD2E225007E3E5C /* Release */ = {
			isa = XCBuildConfiguration;
			buildSettings = {
				ALWAYS_EMBED_SWIFT_STANDARD_LIBRARIES = YES;
				CODE_SIGN_STYLE = Automatic;
				CURRENT_PROJECT_VERSION = 1;
				GENERATE_INFOPLIST_FILE = YES;
				MARKETING_VERSION = 1.0;
				PRODUCT_BUNDLE_IDENTIFIER = twq.PresentMeUITests;
				PRODUCT_NAME = "$(TARGET_NAME)";
				SWIFT_EMIT_LOC_STRINGS = NO;
				SWIFT_VERSION = 5.0;
				TARGETED_DEVICE_FAMILY = "1,2";
				TEST_TARGET_NAME = PresentMe;
			};
			name = Release;
		};
/* End XCBuildConfiguration section */

/* Begin XCConfigurationList section */
		99D454122AD2E225007E3E5C /* Build configuration list for PBXProject "PresentMe" */ = {
			isa = XCConfigurationList;
			buildConfigurations = (
				99D454392AD2E225007E3E5C /* Debug */,
				99D4543A2AD2E225007E3E5C /* Release */,
			);
			defaultConfigurationIsVisible = 0;
			defaultConfigurationName = Release;
		};
		99D4543B2AD2E225007E3E5C /* Build configuration list for PBXNativeTarget "PresentMe" */ = {
			isa = XCConfigurationList;
			buildConfigurations = (
				99D4543C2AD2E225007E3E5C /* Debug */,
				99D4543D2AD2E225007E3E5C /* Release */,
			);
			defaultConfigurationIsVisible = 0;
			defaultConfigurationName = Release;
		};
		99D4543E2AD2E225007E3E5C /* Build configuration list for PBXNativeTarget "PresentMeTests" */ = {
			isa = XCConfigurationList;
			buildConfigurations = (
				99D4543F2AD2E225007E3E5C /* Debug */,
				99D454402AD2E225007E3E5C /* Release */,
			);
			defaultConfigurationIsVisible = 0;
			defaultConfigurationName = Release;
		};
		99D454412AD2E225007E3E5C /* Build configuration list for PBXNativeTarget "PresentMeUITests" */ = {
			isa = XCConfigurationList;
			buildConfigurations = (
				99D454422AD2E225007E3E5C /* Debug */,
				99D454432AD2E225007E3E5C /* Release */,
			);
			defaultConfigurationIsVisible = 0;
			defaultConfigurationName = Release;
		};
/* End XCConfigurationList section */
	};
	rootObject = 99D4540F2AD2E225007E3E5C /* Project object */;
}
